
Microsoft Visual Studio Solution File, Format Version 12.00
# Visual Studio Version 17
VisualStudioVersion = 17.6.33815.320
MinimumVisualStudioVersion = 10.0.40219.1
Project("{FAE04EC0-301F-11D3-BF4B-00C04F79EFBC}") = "Technical Challenge", "Technical Challenge\Technical Challenge.csproj", "{DA35E096-771A-407B-BAB6-57B396F9ED37}"
EndProject
Global
	GlobalSection(SolutionConfigurationPlatforms) = preSolution
		Debug|Any CPU = Debug|Any CPU
		Release|Any CPU = Release|Any CPU
	EndGlobalSection
	GlobalSection(ProjectConfigurationPlatforms) = postSolution
		{DA35E096-771A-407B-BAB6-57B396F9ED37}.Debug|Any CPU.ActiveCfg = Debug|Any CPU
		{DA35E096-771A-407B-BAB6-57B396F9ED37}.Debug|Any CPU.Build.0 = Debug|Any CPU
		{DA35E096-771A-407B-BAB6-57B396F9ED37}.Release|Any CPU.ActiveCfg = Release|Any CPU
		{DA35E096-771A-407B-BAB6-57B396F9ED37}.Release|Any CPU.Build.0 = Release|Any CPU
	EndGlobalSection
	GlobalSection(SolutionProperties) = preSolution
		HideSolutionNode = FALSE
	EndGlobalSection
	GlobalSection(ExtensibilityGlobals) = postSolution
		SolutionGuid = {FD4D0B55-A529-4257-B32F-CAE51BE4FA81}
	EndGlobalSection
EndGlobal
